// !$*UTF8*$!
{
	archiveVersion = 1;
	classes = {
	};
	objectVersion = 55;
	objects = {

/* Begin PBXBuildFile section */
		38958CD22899814B005945D9 /* AppDelegate.swift in Sources */ = {isa = PBXBuildFile; fileRef = 38958CD12899814B005945D9 /* AppDelegate.swift */; };
		38958CD42899814B005945D9 /* SceneDelegate.swift in Sources */ = {isa = PBXBuildFile; fileRef = 38958CD32899814B005945D9 /* SceneDelegate.swift */; };
		38958CD62899814B005945D9 /* ViewController.swift in Sources */ = {isa = PBXBuildFile; fileRef = 38958CD52899814B005945D9 /* ViewController.swift */; };
		38958CD92899814B005945D9 /* Main.storyboard in Resources */ = {isa = PBXBuildFile; fileRef = 38958CD72899814B005945D9 /* Main.storyboard */; };
		38958CDB2899814C005945D9 /* Assets.xcassets in Resources */ = {isa = PBXBuildFile; fileRef = 38958CDA2899814C005945D9 /* Assets.xcassets */; };
		38958CDE2899814C005945D9 /* LaunchScreen.storyboard in Resources */ = {isa = PBXBuildFile; fileRef = 38958CDC2899814C005945D9 /* LaunchScreen.storyboard */; };
		38958CE7289982FE005945D9 /* Alamofire in Frameworks */ = {isa = PBXBuildFile; productRef = 38958CE6289982FE005945D9 /* Alamofire */; };
		38958CEA28998316005945D9 /* Kingfisher in Frameworks */ = {isa = PBXBuildFile; productRef = 38958CE928998316005945D9 /* Kingfisher */; };
		38958CED28998337005945D9 /* SwiftyJSON in Frameworks */ = {isa = PBXBuildFile; productRef = 38958CEC28998337005945D9 /* SwiftyJSON */; };
		38958CF028998374005945D9 /* NVActivityIndicatorView in Frameworks */ = {isa = PBXBuildFile; productRef = 38958CEF28998374005945D9 /* NVActivityIndicatorView */; };
		38958CF228998485005945D9 /* Extensions.swift in Sources */ = {isa = PBXBuildFile; fileRef = 38958CF128998485005945D9 /* Extensions.swift */; };
		38958CF7289984FE005945D9 /* NVActivityIndicatorPresenter.swift in Sources */ = {isa = PBXBuildFile; fileRef = 38958CF5289984FE005945D9 /* NVActivityIndicatorPresenter.swift */; };
		38958CF8289984FE005945D9 /* NVActivityIndicatorViewable.swift in Sources */ = {isa = PBXBuildFile; fileRef = 38958CF6289984FE005945D9 /* NVActivityIndicatorViewable.swift */; };
		38958CFA2899854A005945D9 /* InspectableView.swift in Sources */ = {isa = PBXBuildFile; fileRef = 38958CF928998549005945D9 /* InspectableView.swift */; };
		38958CFE28998A6A005945D9 /* NewsListTableViewCell.swift in Sources */ = {isa = PBXBuildFile; fileRef = 38958CFC28998A6A005945D9 /* NewsListTableViewCell.swift */; };
		38958CFF28998A6A005945D9 /* NewsListTableViewCell.xib in Resources */ = {isa = PBXBuildFile; fileRef = 38958CFD28998A6A005945D9 /* NewsListTableViewCell.xib */; };
		38958D0328999001005945D9 /* ApiClient.swift in Sources */ = {isa = PBXBuildFile; fileRef = 38958D0228999000005945D9 /* ApiClient.swift */; };
		38958D052899901C005945D9 /* ApiConstants.swift in Sources */ = {isa = PBXBuildFile; fileRef = 38958D042899901C005945D9 /* ApiConstants.swift */; };
		38958D07289990CC005945D9 /* ApiModel.swift in Sources */ = {isa = PBXBuildFile; fileRef = 38958D06289990CC005945D9 /* ApiModel.swift */; };
		38958D0A28999941005945D9 /* NewsDetailViewController.swift in Sources */ = {isa = PBXBuildFile; fileRef = 38958D0928999941005945D9 /* NewsDetailViewController.swift */; };
/* End PBXBuildFile section */

/* Begin PBXFileReference section */
		38958CCE2899814B005945D9 /* TechCrunchNews.app */ = {isa = PBXFileReference; explicitFileType = wrapper.application; includeInIndex = 0; path = TechCrunchNews.app; sourceTree = BUILT_PRODUCTS_DIR; };
		38958CD12899814B005945D9 /* AppDelegate.swift */ = {isa = PBXFileReference; lastKnownFileType = sourcecode.swift; path = AppDelegate.swift; sourceTree = "<group>"; };
		38958CD32899814B005945D9 /* SceneDelegate.swift */ = {isa = PBXFileReference; lastKnownFileType = sourcecode.swift; path = SceneDelegate.swift; sourceTree = "<group>"; };
		38958CD52899814B005945D9 /* ViewController.swift */ = {isa = PBXFileReference; lastKnownFileType = sourcecode.swift; path = ViewController.swift; sourceTree = "<group>"; };
		38958CD82899814B005945D9 /* Base */ = {isa = PBXFileReference; lastKnownFileType = file.storyboard; name = Base; path = Base.lproj/Main.storyboard; sourceTree = "<group>"; };
		38958CDA2899814C005945D9 /* Assets.xcassets */ = {isa = PBXFileReference; lastKnownFileType = folder.assetcatalog; path = Assets.xcassets; sourceTree = "<group>"; };
		38958CDD2899814C005945D9 /* Base */ = {isa = PBXFileReference; lastKnownFileType = file.storyboard; name = Base; path = Base.lproj/LaunchScreen.storyboard; sourceTree = "<group>"; };
		38958CDF2899814C005945D9 /* Info.plist */ = {isa = PBXFileReference; lastKnownFileType = text.plist.xml; path = Info.plist; sourceTree = "<group>"; };
		38958CF128998485005945D9 /* Extensions.swift */ = {isa = PBXFileReference; lastKnownFileType = sourcecode.swift; path = Extensions.swift; sourceTree = "<group>"; };
		38958CF5289984FE005945D9 /* NVActivityIndicatorPresenter.swift */ = {isa = PBXFileReference; fileEncoding = 4; lastKnownFileType = sourcecode.swift; path = NVActivityIndicatorPresenter.swift; sourceTree = "<group>"; };
		38958CF6289984FE005945D9 /* NVActivityIndicatorViewable.swift */ = {isa = PBXFileReference; fileEncoding = 4; lastKnownFileType = sourcecode.swift; path = NVActivityIndicatorViewable.swift; sourceTree = "<group>"; };
		38958CF928998549005945D9 /* InspectableView.swift */ = {isa = PBXFileReference; lastKnownFileType = sourcecode.swift; path = InspectableView.swift; sourceTree = "<group>"; };
		38958CFC28998A6A005945D9 /* NewsListTableViewCell.swift */ = {isa = PBXFileReference; lastKnownFileType = sourcecode.swift; path = NewsListTableViewCell.swift; sourceTree = "<group>"; };
		38958CFD28998A6A005945D9 /* NewsListTableViewCell.xib */ = {isa = PBXFileReference; lastKnownFileType = file.xib; path = NewsListTableViewCell.xib; sourceTree = "<group>"; };
		38958D0228999000005945D9 /* ApiClient.swift */ = {isa = PBXFileReference; lastKnownFileType = sourcecode.swift; path = ApiClient.swift; sourceTree = "<group>"; };
		38958D042899901C005945D9 /* ApiConstants.swift */ = {isa = PBXFileReference; lastKnownFileType = sourcecode.swift; path = ApiConstants.swift; sourceTree = "<group>"; };
		38958D06289990CC005945D9 /* ApiModel.swift */ = {isa = PBXFileReference; lastKnownFileType = sourcecode.swift; path = ApiModel.swift; sourceTree = "<group>"; };
		38958D0928999941005945D9 /* NewsDetailViewController.swift */ = {isa = PBXFileReference; lastKnownFileType = sourcecode.swift; path = NewsDetailViewController.swift; sourceTree = "<group>"; };
/* End PBXFileReference section */

/* Begin PBXFrameworksBuildPhase section */
		38958CCB2899814B005945D9 /* Frameworks */ = {
			isa = PBXFrameworksBuildPhase;
			buildActionMask = 2147483647;
			files = (
				38958CF028998374005945D9 /* NVActivityIndicatorView in Frameworks */,
				38958CED28998337005945D9 /* SwiftyJSON in Frameworks */,
				38958CEA28998316005945D9 /* Kingfisher in Frameworks */,
				38958CE7289982FE005945D9 /* Alamofire in Frameworks */,
			);
			runOnlyForDeploymentPostprocessing = 0;
		};
/* End PBXFrameworksBuildPhase section */

/* Begin PBXGroup section */
		38958CC52899814B005945D9 = {
			isa = PBXGroup;
			children = (
				38958CD02899814B005945D9 /* TechCrunchNews */,
				38958CCF2899814B005945D9 /* Products */,
			);
			sourceTree = "<group>";
		};
		38958CCF2899814B005945D9 /* Products */ = {
			isa = PBXGroup;
			children = (
				38958CCE2899814B005945D9 /* TechCrunchNews.app */,
			);
			name = Products;
			sourceTree = "<group>";
		};
		38958CD02899814B005945D9 /* TechCrunchNews */ = {
			isa = PBXGroup;
			children = (
				38958CD12899814B005945D9 /* AppDelegate.swift */,
				38958CD32899814B005945D9 /* SceneDelegate.swift */,
				38958D0128998A7E005945D9 /* Screens */,
				38958D0028998A71005945D9 /* TableCell */,
				38958CFB2899855A005945D9 /* Inspectable */,
				38958CF32899848A005945D9 /* Extension */,
				38958CD72899814B005945D9 /* Main.storyboard */,
				38958CDA2899814C005945D9 /* Assets.xcassets */,
				38958CDC2899814C005945D9 /* LaunchScreen.storyboard */,
				38958CDF2899814C005945D9 /* Info.plist */,
			);
			path = TechCrunchNews;
			sourceTree = "<group>";
		};
		38958CF32899848A005945D9 /* Extension */ = {
			isa = PBXGroup;
			children = (
				38958CF4289984FE005945D9 /* NVActivityIndicatorViewExtended */,
				38958CF128998485005945D9 /* Extensions.swift */,
			);
			path = Extension;
			sourceTree = "<group>";
		};
		38958CF4289984FE005945D9 /* NVActivityIndicatorViewExtended */ = {
			isa = PBXGroup;
			children = (
				38958CF5289984FE005945D9 /* NVActivityIndicatorPresenter.swift */,
				38958CF6289984FE005945D9 /* NVActivityIndicatorViewable.swift */,
			);
			path = NVActivityIndicatorViewExtended;
			sourceTree = "<group>";
		};
		38958CFB2899855A005945D9 /* Inspectable */ = {
			isa = PBXGroup;
			children = (
				38958CF928998549005945D9 /* InspectableView.swift */,
			);
			path = Inspectable;
			sourceTree = "<group>";
		};
		38958D0028998A71005945D9 /* TableCell */ = {
			isa = PBXGroup;
			children = (
				38958CFC28998A6A005945D9 /* NewsListTableViewCell.swift */,
				38958CFD28998A6A005945D9 /* NewsListTableViewCell.xib */,
			);
			path = TableCell;
			sourceTree = "<group>";
		};
		38958D0128998A7E005945D9 /* Screens */ = {
			isa = PBXGroup;
			children = (
				38958CD52899814B005945D9 /* ViewController.swift */,
				38958D0928999941005945D9 /* NewsDetailViewController.swift */,
				38958D08289990F5005945D9 /* Networking */,
			);
			path = Screens;
			sourceTree = "<group>";
		};
		38958D08289990F5005945D9 /* Networking */ = {
			isa = PBXGroup;
			children = (
				38958D0228999000005945D9 /* ApiClient.swift */,
				38958D06289990CC005945D9 /* ApiModel.swift */,
				38958D042899901C005945D9 /* ApiConstants.swift */,
			);
			path = Networking;
			sourceTree = "<group>";
		};
/* End PBXGroup section */

/* Begin PBXNativeTarget section */
		38958CCD2899814B005945D9 /* TechCrunchNews */ = {
			isa = PBXNativeTarget;
			buildConfigurationList = 38958CE22899814C005945D9 /* Build configuration list for PBXNativeTarget "TechCrunchNews" */;
			buildPhases = (
				38958CCA2899814B005945D9 /* Sources */,
				38958CCB2899814B005945D9 /* Frameworks */,
				38958CCC2899814B005945D9 /* Resources */,
			);
			buildRules = (
			);
			dependencies = (
			);
			name = TechCrunchNews;
			packageProductDependencies = (
				38958CE6289982FE005945D9 /* Alamofire */,
				38958CE928998316005945D9 /* Kingfisher */,
				38958CEC28998337005945D9 /* SwiftyJSON */,
				38958CEF28998374005945D9 /* NVActivityIndicatorView */,
			);
			productName = TechCrunchNews;
			productReference = 38958CCE2899814B005945D9 /* TechCrunchNews.app */;
			productType = "com.apple.product-type.application";
		};
/* End PBXNativeTarget section */

/* Begin PBXProject section */
		38958CC62899814B005945D9 /* Project object */ = {
			isa = PBXProject;
			attributes = {
				BuildIndependentTargetsInParallel = 1;
				LastSwiftUpdateCheck = 1310;
				LastUpgradeCheck = 1310;
				TargetAttributes = {
					38958CCD2899814B005945D9 = {
						CreatedOnToolsVersion = 13.1;
					};
				};
			};
			buildConfigurationList = 38958CC92899814B005945D9 /* Build configuration list for PBXProject "TechCrunchNews" */;
			compatibilityVersion = "Xcode 13.0";
			developmentRegion = en;
			hasScannedForEncodings = 0;
			knownRegions = (
				en,
				Base,
			);
			mainGroup = 38958CC52899814B005945D9;
			packageReferences = (
				38958CE5289982FE005945D9 /* XCRemoteSwiftPackageReference "Alamofire" */,
				38958CE828998316005945D9 /* XCRemoteSwiftPackageReference "Kingfisher" */,
				38958CEB28998337005945D9 /* XCRemoteSwiftPackageReference "SwiftyJSON" */,
				38958CEE28998374005945D9 /* XCRemoteSwiftPackageReference "NVActivityIndicatorView" */,
			);
			productRefGroup = 38958CCF2899814B005945D9 /* Products */;
			projectDirPath = "";
			projectRoot = "";
			targets = (
				38958CCD2899814B005945D9 /* TechCrunchNews */,
			);
		};
/* End PBXProject section */

/* Begin PBXResourcesBuildPhase section */
		38958CCC2899814B005945D9 /* Resources */ = {
			isa = PBXResourcesBuildPhase;
			buildActionMask = 2147483647;
			files = (
				38958CDE2899814C005945D9 /* LaunchScreen.storyboard in Resources */,
				38958CDB2899814C005945D9 /* Assets.xcassets in Resources */,
				38958CFF28998A6A005945D9 /* NewsListTableViewCell.xib in Resources */,
				38958CD92899814B005945D9 /* Main.storyboard in Resources */,
			);
			runOnlyForDeploymentPostprocessing = 0;
		};
/* End PBXResourcesBuildPhase section */

/* Begin PBXSourcesBuildPhase section */
		38958CCA2899814B005945D9 /* Sources */ = {
			isa = PBXSourcesBuildPhase;
			buildActionMask = 2147483647;
			files = (
				38958D0A28999941005945D9 /* NewsDetailViewController.swift in Sources */,
				38958CD62899814B005945D9 /* ViewController.swift in Sources */,
				38958CD22899814B005945D9 /* AppDelegate.swift in Sources */,
				38958D052899901C005945D9 /* ApiConstants.swift in Sources */,
				38958D0328999001005945D9 /* ApiClient.swift in Sources */,
				38958CFE28998A6A005945D9 /* NewsListTableViewCell.swift in Sources */,
				38958D07289990CC005945D9 /* ApiModel.swift in Sources */,
				38958CFA2899854A005945D9 /* InspectableView.swift in Sources */,
				38958CD42899814B005945D9 /* SceneDelegate.swift in Sources */,
				38958CF228998485005945D9 /* Extensions.swift in Sources */,
				38958CF7289984FE005945D9 /* NVActivityIndicatorPresenter.swift in Sources */,
				38958CF8289984FE005945D9 /* NVActivityIndicatorViewable.swift in Sources */,
			);
			runOnlyForDeploymentPostprocessing = 0;
		};
/* End PBXSourcesBuildPhase section */

/* Begin PBXVariantGroup section */
		38958CD72899814B005945D9 /* Main.storyboard */ = {
			isa = PBXVariantGroup;
			children = (
				38958CD82899814B005945D9 /* Base */,
			);
			name = Main.storyboard;
			sourceTree = "<group>";
		};
		38958CDC2899814C005945D9 /* LaunchScreen.storyboard */ = {
			isa = PBXVariantGroup;
			children = (
				38958CDD2899814C005945D9 /* Base */,
			);
			name = LaunchScreen.storyboard;
			sourceTree = "<group>";
		};
/* End PBXVariantGroup section */

/* Begin XCBuildConfiguration section */
		38958CE02899814C005945D9 /* Debug */ = {
			isa = XCBuildConfiguration;
			buildSettings = {
				ALWAYS_SEARCH_USER_PATHS = NO;
				CLANG_ANALYZER_NONNULL = YES;
				CLANG_ANALYZER_NUMBER_OBJECT_CONVERSION = YES_AGGRESSIVE;
				CLANG_CXX_LANGUAGE_STANDARD = "gnu++17";
				CLANG_CXX_LIBRARY = "libc++";
				CLANG_ENABLE_MODULES = YES;
				CLANG_ENABLE_OBJC_ARC = YES;
				CLANG_ENABLE_OBJC_WEAK = YES;
				CLANG_WARN_BLOCK_CAPTURE_AUTORELEASING = YES;
				CLANG_WARN_BOOL_CONVERSION = YES;
				CLANG_WARN_COMMA = YES;
				CLANG_WARN_CONSTANT_CONVERSION = YES;
				CLANG_WARN_DEPRECATED_OBJC_IMPLEMENTATIONS = YES;
				CLANG_WARN_DIRECT_OBJC_ISA_USAGE = YES_ERROR;
				CLANG_WARN_DOCUMENTATION_COMMENTS = YES;
				CLANG_WARN_EMPTY_BODY = YES;
				CLANG_WARN_ENUM_CONVERSION = YES;
				CLANG_WARN_INFINITE_RECURSION = YES;
				CLANG_WARN_INT_CONVERSION = YES;
				CLANG_WARN_NON_LITERAL_NULL_CONVERSION = YES;
				CLANG_WARN_OBJC_IMPLICIT_RETAIN_SELF = YES;
				CLANG_WARN_OBJC_LITERAL_CONVERSION = YES;
				CLANG_WARN_OBJC_ROOT_CLASS = YES_ERROR;
				CLANG_WARN_QUOTED_INCLUDE_IN_FRAMEWORK_HEADER = YES;
				CLANG_WARN_RANGE_LOOP_ANALYSIS = YES;
				CLANG_WARN_STRICT_PROTOTYPES = YES;
				CLANG_WARN_SUSPICIOUS_MOVE = YES;
				CLANG_WARN_UNGUARDED_AVAILABILITY = YES_AGGRESSIVE;
				CLANG_WARN_UNREACHABLE_CODE = YES;
				CLANG_WARN__DUPLICATE_METHOD_MATCH = YES;
				COPY_PHASE_STRIP = NO;
				DEBUG_INFORMATION_FORMAT = dwarf;
				ENABLE_STRICT_OBJC_MSGSEND = YES;
				ENABLE_TESTABILITY = YES;
				GCC_C_LANGUAGE_STANDARD = gnu11;
				GCC_DYNAMIC_NO_PIC = NO;
				GCC_NO_COMMON_BLOCKS = YES;
				GCC_OPTIMIZATION_LEVEL = 0;
				GCC_PREPROCESSOR_DEFINITIONS = (
					"DEBUG=1",
					"$(inherited)",
				);
				GCC_WARN_64_TO_32_BIT_CONVERSION = YES;
				GCC_WARN_ABOUT_RETURN_TYPE = YES_ERROR;
				GCC_WARN_UNDECLARED_SELECTOR = YES;
				GCC_WARN_UNINITIALIZED_AUTOS = YES_AGGRESSIVE;
				GCC_WARN_UNUSED_FUNCTION = YES;
				GCC_WARN_UNUSED_VARIABLE = YES;
				IPHONEOS_DEPLOYMENT_TARGET = 15.0;
				MTL_ENABLE_DEBUG_INFO = INCLUDE_SOURCE;
				MTL_FAST_MATH = YES;
				ONLY_ACTIVE_ARCH = YES;
				SDKROOT = iphoneos;
				SWIFT_ACTIVE_COMPILATION_CONDITIONS = DEBUG;
				SWIFT_OPTIMIZATION_LEVEL = "-Onone";
			};
			name = Debug;
		};
		38958CE12899814C005945D9 /* Release */ = {
			isa = XCBuildConfiguration;
			buildSettings = {
				ALWAYS_SEARCH_USER_PATHS = NO;
				CLANG_ANALYZER_NONNULL = YES;
				CLANG_ANALYZER_NUMBER_OBJECT_CONVERSION = YES_AGGRESSIVE;
				CLANG_CXX_LANGUAGE_STANDARD = "gnu++17";
				CLANG_CXX_LIBRARY = "libc++";
				CLANG_ENABLE_MODULES = YES;
				CLANG_ENABLE_OBJC_ARC = YES;
				CLANG_ENABLE_OBJC_WEAK = YES;
				CLANG_WARN_BLOCK_CAPTURE_AUTORELEASING = YES;
				CLANG_WARN_BOOL_CONVERSION = YES;
				CLANG_WARN_COMMA = YES;
				CLANG_WARN_CONSTANT_CONVERSION = YES;
				CLANG_WARN_DEPRECATED_OBJC_IMPLEMENTATIONS = YES;
				CLANG_WARN_DIRECT_OBJC_ISA_USAGE = YES_ERROR;
				CLANG_WARN_DOCUMENTATION_COMMENTS = YES;
				CLANG_WARN_EMPTY_BODY = YES;
				CLANG_WARN_ENUM_CONVERSION = YES;
				CLANG_WARN_INFINITE_RECURSION = YES;
				CLANG_WARN_INT_CONVERSION = YES;
				CLANG_WARN_NON_LITERAL_NULL_CONVERSION = YES;
				CLANG_WARN_OBJC_IMPLICIT_RETAIN_SELF = YES;
				CLANG_WARN_OBJC_LITERAL_CONVERSION = YES;
				CLANG_WARN_OBJC_ROOT_CLASS = YES_ERROR;
				CLANG_WARN_QUOTED_INCLUDE_IN_FRAMEWORK_HEADER = YES;
				CLANG_WARN_RANGE_LOOP_ANALYSIS = YES;
				CLANG_WARN_STRICT_PROTOTYPES = YES;
				CLANG_WARN_SUSPICIOUS_MOVE = YES;
				CLANG_WARN_UNGUARDED_AVAILABILITY = YES_AGGRESSIVE;
				CLANG_WARN_UNREACHABLE_CODE = YES;
				CLANG_WARN__DUPLICATE_METHOD_MATCH = YES;
				COPY_PHASE_STRIP = NO;
				DEBUG_INFORMATION_FORMAT = "dwarf-with-dsym";
				ENABLE_NS_ASSERTIONS = NO;
				ENABLE_STRICT_OBJC_MSGSEND = YES;
				GCC_C_LANGUAGE_STANDARD = gnu11;
				GCC_NO_COMMON_BLOCKS = YES;
				GCC_WARN_64_TO_32_BIT_CONVERSION = YES;
				GCC_WARN_ABOUT_RETURN_TYPE = YES_ERROR;
				GCC_WARN_UNDECLARED_SELECTOR = YES;
				GCC_WARN_UNINITIALIZED_AUTOS = YES_AGGRESSIVE;
				GCC_WARN_UNUSED_FUNCTION = YES;
				GCC_WARN_UNUSED_VARIABLE = YES;
				IPHONEOS_DEPLOYMENT_TARGET = 15.0;
				MTL_ENABLE_DEBUG_INFO = NO;
				MTL_FAST_MATH = YES;
				SDKROOT = iphoneos;
				SWIFT_COMPILATION_MODE = wholemodule;
				SWIFT_OPTIMIZATION_LEVEL = "-O";
				VALIDATE_PRODUCT = YES;
			};
			name = Release;
		};
		38958CE32899814C005945D9 /* Debug */ = {
			isa = XCBuildConfiguration;
			buildSettings = {
				ASSETCATALOG_COMPILER_APPICON_NAME = AppIcon;
				ASSETCATALOG_COMPILER_GLOBAL_ACCENT_COLOR_NAME = AccentColor;
				CODE_SIGN_STYLE = Automatic;
				CURRENT_PROJECT_VERSION = 1;
				GENERATE_INFOPLIST_FILE = YES;
				INFOPLIST_FILE = TechCrunchNews/Info.plist;
				INFOPLIST_KEY_UIApplicationSupportsIndirectInputEvents = YES;
				INFOPLIST_KEY_UILaunchStoryboardName = LaunchScreen;
				INFOPLIST_KEY_UIMainStoryboardFile = Main;
				INFOPLIST_KEY_UISupportedInterfaceOrientations_iPad = "UIInterfaceOrientationPortrait UIInterfaceOrientationPortraitUpsideDown UIInterfaceOrientationLandscapeLeft UIInterfaceOrientationLandscapeRight";
				INFOPLIST_KEY_UISupportedInterfaceOrientations_iPhone = "UIInterfaceOrientationPortrait UIInterfaceOrientationLandscapeLeft UIInterfaceOrientationLandscapeRight";
				LD_RUNPATH_SEARCH_PATHS = (
					"$(inherited)",
					"@executable_path/Frameworks",
				);
				MARKETING_VERSION = 1.0;
				PRODUCT_BUNDLE_IDENTIFIER = com.demo.TechCrunchNews;
				PRODUCT_NAME = "$(TARGET_NAME)";
				SWIFT_EMIT_LOC_STRINGS = YES;
				SWIFT_VERSION = 5.0;
				TARGETED_DEVICE_FAMILY = "1,2";
			};
			name = Debug;
		};
		38958CE42899814C005945D9 /* Release */ = {
			isa = XCBuildConfiguration;
			buildSettings = {
				ASSETCATALOG_COMPILER_APPICON_NAME = AppIcon;
				ASSETCATALOG_COMPILER_GLOBAL_ACCENT_COLOR_NAME = AccentColor;
				CODE_SIGN_STYLE = Automatic;
				CURRENT_PROJECT_VERSION = 1;
				GENERATE_INFOPLIST_FILE = YES;
				INFOPLIST_FILE = TechCrunchNews/Info.plist;
				INFOPLIST_KEY_UIApplicationSupportsIndirectInputEvents = YES;
				INFOPLIST_KEY_UILaunchStoryboardName = LaunchScreen;
				INFOPLIST_KEY_UIMainStoryboardFile = Main;
				INFOPLIST_KEY_UISupportedInterfaceOrientations_iPad = "UIInterfaceOrientationPortrait UIInterfaceOrientationPortraitUpsideDown UIInterfaceOrientationLandscapeLeft UIInterfaceOrientationLandscapeRight";
				INFOPLIST_KEY_UISupportedInterfaceOrientations_iPhone = "UIInterfaceOrientationPortrait UIInterfaceOrientationLandscapeLeft UIInterfaceOrientationLandscapeRight";
				LD_RUNPATH_SEARCH_PATHS = (
					"$(inherited)",
					"@executable_path/Frameworks",
				);
				MARKETING_VERSION = 1.0;
				PRODUCT_BUNDLE_IDENTIFIER = com.demo.TechCrunchNews;
				PRODUCT_NAME = "$(TARGET_NAME)";
				SWIFT_EMIT_LOC_STRINGS = YES;
				SWIFT_VERSION = 5.0;
				TARGETED_DEVICE_FAMILY = "1,2";
			};
			name = Release;
		};
/* End XCBuildConfiguration section */

/* Begin XCConfigurationList section */
		38958CC92899814B005945D9 /* Build configuration list for PBXProject "TechCrunchNews" */ = {
			isa = XCConfigurationList;
			buildConfigurations = (
				38958CE02899814C005945D9 /* Debug */,
				38958CE12899814C005945D9 /* Release */,
			);
			defaultConfigurationIsVisible = 0;
			defaultConfigurationName = Release;
		};
		38958CE22899814C005945D9 /* Build configuration list for PBXNativeTarget "TechCrunchNews" */ = {
			isa = XCConfigurationList;
			buildConfigurations = (
				38958CE32899814C005945D9 /* Debug */,
				38958CE42899814C005945D9 /* Release */,
			);
			defaultConfigurationIsVisible = 0;
			defaultConfigurationName = Release;
		};
/* End XCConfigurationList section */

/* Begin XCRemoteSwiftPackageReference section */
		38958CE5289982FE005945D9 /* XCRemoteSwiftPackageReference "Alamofire" */ = {
			isa = XCRemoteSwiftPackageReference;
			repositoryURL = "https://github.com/Alamofire/Alamofire.git";
			requirement = {
				kind = upToNextMajorVersion;
				minimumVersion = 5.0.0;
			};
		};
		38958CE828998316005945D9 /* XCRemoteSwiftPackageReference "Kingfisher" */ = {
			isa = XCRemoteSwiftPackageReference;
			repositoryURL = "https://github.com/onevcat/Kingfisher";
			requirement = {
				kind = upToNextMajorVersion;
				minimumVersion = 7.0.0;
			};
		};
		38958CEB28998337005945D9 /* XCRemoteSwiftPackageReference "SwiftyJSON" */ = {
			isa = XCRemoteSwiftPackageReference;
			repositoryURL = "https://github.com/SwiftyJSON/SwiftyJSON.git";
			requirement = {
				kind = upToNextMajorVersion;
				minimumVersion = 5.0.0;
			};
		};
		38958CEE28998374005945D9 /* XCRemoteSwiftPackageReference "NVActivityIndicatorView" */ = {
			isa = XCRemoteSwiftPackageReference;
			repositoryURL = "https://github.com/ninjaprox/NVActivityIndicatorView.git";
			requirement = {
				kind = upToNextMajorVersion;
				minimumVersion = 5.0.0;
			};
		};
/* End XCRemoteSwiftPackageReference section */

/* Begin XCSwiftPackageProductDependency section */
		38958CE6289982FE005945D9 /* Alamofire */ = {
			isa = XCSwiftPackageProductDependency;
			package = 38958CE5289982FE005945D9 /* XCRemoteSwiftPackageReference "Alamofire" */;
			productName = Alamofire;
		};
		38958CE928998316005945D9 /* Kingfisher */ = {
			isa = XCSwiftPackageProductDependency;
			package = 38958CE828998316005945D9 /* XCRemoteSwiftPackageReference "Kingfisher" */;
			productName = Kingfisher;
		};
		38958CEC28998337005945D9 /* SwiftyJSON */ = {
			isa = XCSwiftPackageProductDependency;
			package = 38958CEB28998337005945D9 /* XCRemoteSwiftPackageReference "SwiftyJSON" */;
			productName = SwiftyJSON;
		};
		38958CEF28998374005945D9 /* NVActivityIndicatorView */ = {
			isa = XCSwiftPackageProductDependency;
			package = 38958CEE28998374005945D9 /* XCRemoteSwiftPackageReference "NVActivityIndicatorView" */;
			productName = NVActivityIndicatorView;
		};
/* End XCSwiftPackageProductDependency section */
	};
	rootObject = 38958CC62899814B005945D9 /* Project object */;
}
